// !$*UTF8*$!
{
	archiveVersion = 1;
	classes = {
	};
	objectVersion = 51;
	objects = {

/* Begin PBXBuildFile section */
		0D123D7041B9E55237921179 /* Pods_SwiftyPageViewController.framework in Frameworks */ = {isa = PBXBuildFile; fileRef = 1D68533D535626EE4BCE2D50 /* Pods_SwiftyPageViewController.framework */; };
		F60BAA7024C52C7500D56380 /* MPPageBaseController+Additianal.swift in Sources */ = {isa = PBXBuildFile; fileRef = F60BAA6F24C52C7500D56380 /* MPPageBaseController+Additianal.swift */; };
		F60BAA7224C58C6300D56380 /* MPPageNavigationItemContainer.swift in Sources */ = {isa = PBXBuildFile; fileRef = F60BAA7124C58C6300D56380 /* MPPageNavigationItemContainer.swift */; };
		F622883924BD47F800288CE0 /* AppDelegate.swift in Sources */ = {isa = PBXBuildFile; fileRef = F622883824BD47F800288CE0 /* AppDelegate.swift */; };
		F622883D24BD47F800288CE0 /* ViewController.swift in Sources */ = {isa = PBXBuildFile; fileRef = F622883C24BD47F800288CE0 /* ViewController.swift */; };
		F622884024BD47F800288CE0 /* Main.storyboard in Resources */ = {isa = PBXBuildFile; fileRef = F622883E24BD47F800288CE0 /* Main.storyboard */; };
		F622884224BD47F800288CE0 /* Assets.xcassets in Resources */ = {isa = PBXBuildFile; fileRef = F622884124BD47F800288CE0 /* Assets.xcassets */; };
		F622884524BD47F800288CE0 /* LaunchScreen.storyboard in Resources */ = {isa = PBXBuildFile; fileRef = F622884324BD47F800288CE0 /* LaunchScreen.storyboard */; };
		F622885024BD4DB500288CE0 /* MPPageViewControllerProtocol.swift in Sources */ = {isa = PBXBuildFile; fileRef = F622884F24BD4DB500288CE0 /* MPPageViewControllerProtocol.swift */; };
		F622885224BD4E8300288CE0 /* MPChildViewControllerProtocol.swift in Sources */ = {isa = PBXBuildFile; fileRef = F622885124BD4E8300288CE0 /* MPChildViewControllerProtocol.swift */; };
		F622885424BD4EBD00288CE0 /* MPPageMainScrollView.swift in Sources */ = {isa = PBXBuildFile; fileRef = F622885324BD4EBD00288CE0 /* MPPageMainScrollView.swift */; };
		F622885624BD4F3900288CE0 /* MPPageContainView.swift in Sources */ = {isa = PBXBuildFile; fileRef = F622885524BD4F3900288CE0 /* MPPageContainView.swift */; };
		F622885924BD4F7E00288CE0 /* UIViewController+Additional.swift in Sources */ = {isa = PBXBuildFile; fileRef = F622885724BD4F7E00288CE0 /* UIViewController+Additional.swift */; };
		F622885A24BD4F7E00288CE0 /* UIScrollView+Additional.swift in Sources */ = {isa = PBXBuildFile; fileRef = F622885824BD4F7E00288CE0 /* UIScrollView+Additional.swift */; };
		F622885C24BD500900288CE0 /* MPPageBaseViewController.swift in Sources */ = {isa = PBXBuildFile; fileRef = F622885B24BD500900288CE0 /* MPPageBaseViewController.swift */; };
		F622885E24BD502500288CE0 /* NSCache+Additional.swift in Sources */ = {isa = PBXBuildFile; fileRef = F622885D24BD502500288CE0 /* NSCache+Additional.swift */; };
		F622886024BDA52100288CE0 /* MPPageViewController+Additianal.swift in Sources */ = {isa = PBXBuildFile; fileRef = F622885F24BDA52100288CE0 /* MPPageViewController+Additianal.swift */; };
		F622886324BDAD7A00288CE0 /* MPBottomLineViewStyle.swift in Sources */ = {isa = PBXBuildFile; fileRef = F622886224BDAD7A00288CE0 /* MPBottomLineViewStyle.swift */; };
		F622886724BDAEEF00288CE0 /* MPIndicator.swift in Sources */ = {isa = PBXBuildFile; fileRef = F622886624BDAEEF00288CE0 /* MPIndicator.swift */; };
		F6D7CA9824BE989F005F0F2D /* MPMenuItemView.swift in Sources */ = {isa = PBXBuildFile; fileRef = F6D7CA9724BE989F005F0F2D /* MPMenuItemView.swift */; };
		F6D7CA9A24BED4BB005F0F2D /* MPMenuView.swift in Sources */ = {isa = PBXBuildFile; fileRef = F6D7CA9924BED4BB005F0F2D /* MPMenuView.swift */; };
		F6D7CA9C24BEE607005F0F2D /* UIScrollView+MPMenuExtension.swift in Sources */ = {isa = PBXBuildFile; fileRef = F6D7CA9B24BEE607005F0F2D /* UIScrollView+MPMenuExtension.swift */; };
		F6D7CAA424BEEBC9005F0F2D /* Page1ViewController.swift in Sources */ = {isa = PBXBuildFile; fileRef = F6D7CAA324BEEBC9005F0F2D /* Page1ViewController.swift */; };
		F6D7CAA624BEEBD4005F0F2D /* Page2ViewController.swift in Sources */ = {isa = PBXBuildFile; fileRef = F6D7CAA524BEEBD4005F0F2D /* Page2ViewController.swift */; };
		F6D7CAA824BEEBDA005F0F2D /* Page3ViewController.swift in Sources */ = {isa = PBXBuildFile; fileRef = F6D7CAA724BEEBDA005F0F2D /* Page3ViewController.swift */; };
		F6D7CAAA24BEEBE0005F0F2D /* Page4ViewController.swift in Sources */ = {isa = PBXBuildFile; fileRef = F6D7CAA924BEEBE0005F0F2D /* Page4ViewController.swift */; };
		F6D7CAAC24BEEBE7005F0F2D /* Page5ViewController.swift in Sources */ = {isa = PBXBuildFile; fileRef = F6D7CAAB24BEEBE7005F0F2D /* Page5ViewController.swift */; };
		F6D7CAAE24BEEF13005F0F2D /* BaseViewController.swift in Sources */ = {isa = PBXBuildFile; fileRef = F6D7CAAD24BEEF13005F0F2D /* BaseViewController.swift */; };
		F6E66BBE24C0330900F5E8A9 /* MPPageViewController.swift in Sources */ = {isa = PBXBuildFile; fileRef = F6E66BBD24C0330900F5E8A9 /* MPPageViewController.swift */; };
/* End PBXBuildFile section */

/* Begin PBXFileReference section */
		1D68533D535626EE4BCE2D50 /* Pods_SwiftyPageViewController.framework */ = {isa = PBXFileReference; explicitFileType = wrapper.framework; includeInIndex = 0; path = Pods_SwiftyPageViewController.framework; sourceTree = BUILT_PRODUCTS_DIR; };
		243F01D373BF769DF900B4E8 /* Pods-SwiftyPageViewController.release.xcconfig */ = {isa = PBXFileReference; includeInIndex = 1; lastKnownFileType = text.xcconfig; name = "Pods-SwiftyPageViewController.release.xcconfig"; path = "Target Support Files/Pods-SwiftyPageViewController/Pods-SwiftyPageViewController.release.xcconfig"; sourceTree = "<group>"; };
		3FBFCFDD484EBDBB7AE8AA06 /* Pods-SwiftyPageViewController.debug.xcconfig */ = {isa = PBXFileReference; includeInIndex = 1; lastKnownFileType = text.xcconfig; name = "Pods-SwiftyPageViewController.debug.xcconfig"; path = "Target Support Files/Pods-SwiftyPageViewController/Pods-SwiftyPageViewController.debug.xcconfig"; sourceTree = "<group>"; };
		F60BAA6F24C52C7500D56380 /* MPPageBaseController+Additianal.swift */ = {isa = PBXFileReference; lastKnownFileType = sourcecode.swift; path = "MPPageBaseController+Additianal.swift"; sourceTree = "<group>"; };
		F60BAA7124C58C6300D56380 /* MPPageNavigationItemContainer.swift */ = {isa = PBXFileReference; lastKnownFileType = sourcecode.swift; path = MPPageNavigationItemContainer.swift; sourceTree = "<group>"; };
		F622883524BD47F800288CE0 /* SwiftyPageViewController.app */ = {isa = PBXFileReference; explicitFileType = wrapper.application; includeInIndex = 0; path = SwiftyPageViewController.app; sourceTree = BUILT_PRODUCTS_DIR; };
		F622883824BD47F800288CE0 /* AppDelegate.swift */ = {isa = PBXFileReference; lastKnownFileType = sourcecode.swift; path = AppDelegate.swift; sourceTree = "<group>"; };
		F622883C24BD47F800288CE0 /* ViewController.swift */ = {isa = PBXFileReference; lastKnownFileType = sourcecode.swift; path = ViewController.swift; sourceTree = "<group>"; };
		F622883F24BD47F800288CE0 /* Base */ = {isa = PBXFileReference; lastKnownFileType = file.storyboard; name = Base; path = Base.lproj/Main.storyboard; sourceTree = "<group>"; };
		F622884124BD47F800288CE0 /* Assets.xcassets */ = {isa = PBXFileReference; lastKnownFileType = folder.assetcatalog; path = Assets.xcassets; sourceTree = "<group>"; };
		F622884424BD47F800288CE0 /* Base */ = {isa = PBXFileReference; lastKnownFileType = file.storyboard; name = Base; path = Base.lproj/LaunchScreen.storyboard; sourceTree = "<group>"; };
		F622884624BD47F900288CE0 /* Info.plist */ = {isa = PBXFileReference; lastKnownFileType = text.plist.xml; path = Info.plist; sourceTree = "<group>"; };
		F622884F24BD4DB500288CE0 /* MPPageViewControllerProtocol.swift */ = {isa = PBXFileReference; lastKnownFileType = sourcecode.swift; path = MPPageViewControllerProtocol.swift; sourceTree = "<group>"; };
		F622885124BD4E8300288CE0 /* MPChildViewControllerProtocol.swift */ = {isa = PBXFileReference; lastKnownFileType = sourcecode.swift; path = MPChildViewControllerProtocol.swift; sourceTree = "<group>"; };
		F622885324BD4EBD00288CE0 /* MPPageMainScrollView.swift */ = {isa = PBXFileReference; lastKnownFileType = sourcecode.swift; path = MPPageMainScrollView.swift; sourceTree = "<group>"; };
		F622885524BD4F3900288CE0 /* MPPageContainView.swift */ = {isa = PBXFileReference; lastKnownFileType = sourcecode.swift; path = MPPageContainView.swift; sourceTree = "<group>"; };
		F622885724BD4F7E00288CE0 /* UIViewController+Additional.swift */ = {isa = PBXFileReference; fileEncoding = 4; lastKnownFileType = sourcecode.swift; path = "UIViewController+Additional.swift"; sourceTree = "<group>"; };
		F622885824BD4F7E00288CE0 /* UIScrollView+Additional.swift */ = {isa = PBXFileReference; fileEncoding = 4; lastKnownFileType = sourcecode.swift; path = "UIScrollView+Additional.swift"; sourceTree = "<group>"; };
		F622885B24BD500900288CE0 /* MPPageBaseViewController.swift */ = {isa = PBXFileReference; lastKnownFileType = sourcecode.swift; path = MPPageBaseViewController.swift; sourceTree = "<group>"; };
		F622885D24BD502500288CE0 /* NSCache+Additional.swift */ = {isa = PBXFileReference; fileEncoding = 4; lastKnownFileType = sourcecode.swift; path = "NSCache+Additional.swift"; sourceTree = "<group>"; };
		F622885F24BDA52100288CE0 /* MPPageViewController+Additianal.swift */ = {isa = PBXFileReference; lastKnownFileType = sourcecode.swift; path = "MPPageViewController+Additianal.swift"; sourceTree = "<group>"; };
		F622886224BDAD7A00288CE0 /* MPBottomLineViewStyle.swift */ = {isa = PBXFileReference; lastKnownFileType = sourcecode.swift; path = MPBottomLineViewStyle.swift; sourceTree = "<group>"; };
		F622886624BDAEEF00288CE0 /* MPIndicator.swift */ = {isa = PBXFileReference; lastKnownFileType = sourcecode.swift; path = MPIndicator.swift; sourceTree = "<group>"; };
		F6D7CA9724BE989F005F0F2D /* MPMenuItemView.swift */ = {isa = PBXFileReference; lastKnownFileType = sourcecode.swift; path = MPMenuItemView.swift; sourceTree = "<group>"; };
		F6D7CA9924BED4BB005F0F2D /* MPMenuView.swift */ = {isa = PBXFileReference; lastKnownFileType = sourcecode.swift; path = MPMenuView.swift; sourceTree = "<group>"; };
		F6D7CA9B24BEE607005F0F2D /* UIScrollView+MPMenuExtension.swift */ = {isa = PBXFileReference; lastKnownFileType = sourcecode.swift; path = "UIScrollView+MPMenuExtension.swift"; sourceTree = "<group>"; };
		F6D7CAA324BEEBC9005F0F2D /* Page1ViewController.swift */ = {isa = PBXFileReference; lastKnownFileType = sourcecode.swift; path = Page1ViewController.swift; sourceTree = "<group>"; };
		F6D7CAA524BEEBD4005F0F2D /* Page2ViewController.swift */ = {isa = PBXFileReference; lastKnownFileType = sourcecode.swift; path = Page2ViewController.swift; sourceTree = "<group>"; };
		F6D7CAA724BEEBDA005F0F2D /* Page3ViewController.swift */ = {isa = PBXFileReference; lastKnownFileType = sourcecode.swift; path = Page3ViewController.swift; sourceTree = "<group>"; };
		F6D7CAA924BEEBE0005F0F2D /* Page4ViewController.swift */ = {isa = PBXFileReference; lastKnownFileType = sourcecode.swift; path = Page4ViewController.swift; sourceTree = "<group>"; };
		F6D7CAAB24BEEBE7005F0F2D /* Page5ViewController.swift */ = {isa = PBXFileReference; lastKnownFileType = sourcecode.swift; path = Page5ViewController.swift; sourceTree = "<group>"; };
		F6D7CAAD24BEEF13005F0F2D /* BaseViewController.swift */ = {isa = PBXFileReference; lastKnownFileType = sourcecode.swift; path = BaseViewController.swift; sourceTree = "<group>"; };
		F6E66BBD24C0330900F5E8A9 /* MPPageViewController.swift */ = {isa = PBXFileReference; lastKnownFileType = sourcecode.swift; path = MPPageViewController.swift; sourceTree = "<group>"; };
/* End PBXFileReference section */

/* Begin PBXFrameworksBuildPhase section */
		F622883224BD47F800288CE0 /* Frameworks */ = {
			isa = PBXFrameworksBuildPhase;
			buildActionMask = 2147483647;
			files = (
				0D123D7041B9E55237921179 /* Pods_SwiftyPageViewController.framework in Frameworks */,
			);
			runOnlyForDeploymentPostprocessing = 0;
		};
/* End PBXFrameworksBuildPhase section */

/* Begin PBXGroup section */
		455ACE15496B67F51152B419 /* Frameworks */ = {
			isa = PBXGroup;
			children = (
				1D68533D535626EE4BCE2D50 /* Pods_SwiftyPageViewController.framework */,
			);
			name = Frameworks;
			sourceTree = "<group>";
		};
		57F06E114E0794D960ED2A11 /* Pods */ = {
			isa = PBXGroup;
			children = (
				3FBFCFDD484EBDBB7AE8AA06 /* Pods-SwiftyPageViewController.debug.xcconfig */,
				243F01D373BF769DF900B4E8 /* Pods-SwiftyPageViewController.release.xcconfig */,
			);
			path = Pods;
			sourceTree = "<group>";
		};
		F622882C24BD47F800288CE0 = {
			isa = PBXGroup;
			children = (
				F622883724BD47F800288CE0 /* SwiftyPageViewController */,
				F622883624BD47F800288CE0 /* Products */,
				57F06E114E0794D960ED2A11 /* Pods */,
				455ACE15496B67F51152B419 /* Frameworks */,
			);
			sourceTree = "<group>";
		};
		F622883624BD47F800288CE0 /* Products */ = {
			isa = PBXGroup;
			children = (
				F622883524BD47F800288CE0 /* SwiftyPageViewController.app */,
			);
			name = Products;
			sourceTree = "<group>";
		};
		F622883724BD47F800288CE0 /* SwiftyPageViewController */ = {
			isa = PBXGroup;
			children = (
				F6D7CA9D24BEE8A2005F0F2D /* Example */,
				F622884C24BD4AC900288CE0 /* SwiftyPageViewController */,
				F622883824BD47F800288CE0 /* AppDelegate.swift */,
				F622883C24BD47F800288CE0 /* ViewController.swift */,
				F622883E24BD47F800288CE0 /* Main.storyboard */,
				F622884124BD47F800288CE0 /* Assets.xcassets */,
				F622884324BD47F800288CE0 /* LaunchScreen.storyboard */,
				F622884624BD47F900288CE0 /* Info.plist */,
			);
			path = SwiftyPageViewController;
			sourceTree = "<group>";
		};
		F622884C24BD4AC900288CE0 /* SwiftyPageViewController */ = {
			isa = PBXGroup;
			children = (
				F622886124BDACD700288CE0 /* MenuView */,
				F622884F24BD4DB500288CE0 /* MPPageViewControllerProtocol.swift */,
				F622885124BD4E8300288CE0 /* MPChildViewControllerProtocol.swift */,
				F622885B24BD500900288CE0 /* MPPageBaseViewController.swift */,
				F60BAA6F24C52C7500D56380 /* MPPageBaseController+Additianal.swift */,
				F6E66BBD24C0330900F5E8A9 /* MPPageViewController.swift */,
				F622885F24BDA52100288CE0 /* MPPageViewController+Additianal.swift */,
				F622885324BD4EBD00288CE0 /* MPPageMainScrollView.swift */,
				F60BAA7124C58C6300D56380 /* MPPageNavigationItemContainer.swift */,
				F622885524BD4F3900288CE0 /* MPPageContainView.swift */,
				F622885D24BD502500288CE0 /* NSCache+Additional.swift */,
				F622885824BD4F7E00288CE0 /* UIScrollView+Additional.swift */,
				F622885724BD4F7E00288CE0 /* UIViewController+Additional.swift */,
			);
			path = SwiftyPageViewController;
			sourceTree = "<group>";
		};
		F622886124BDACD700288CE0 /* MenuView */ = {
			isa = PBXGroup;
			children = (
				F622886224BDAD7A00288CE0 /* MPBottomLineViewStyle.swift */,
				F622886624BDAEEF00288CE0 /* MPIndicator.swift */,
				F6D7CA9724BE989F005F0F2D /* MPMenuItemView.swift */,
				F6D7CA9924BED4BB005F0F2D /* MPMenuView.swift */,
				F6D7CA9B24BEE607005F0F2D /* UIScrollView+MPMenuExtension.swift */,
			);
			path = MenuView;
			sourceTree = "<group>";
		};
		F6D7CA9D24BEE8A2005F0F2D /* Example */ = {
			isa = PBXGroup;
			children = (
				F6D7CAAD24BEEF13005F0F2D /* BaseViewController.swift */,
				F6D7CAA324BEEBC9005F0F2D /* Page1ViewController.swift */,
				F6D7CAA524BEEBD4005F0F2D /* Page2ViewController.swift */,
				F6D7CAA724BEEBDA005F0F2D /* Page3ViewController.swift */,
				F6D7CAA924BEEBE0005F0F2D /* Page4ViewController.swift */,
				F6D7CAAB24BEEBE7005F0F2D /* Page5ViewController.swift */,
			);
			path = Example;
			sourceTree = "<group>";
		};
/* End PBXGroup section */

/* Begin PBXNativeTarget section */
		F622883424BD47F800288CE0 /* SwiftyPageViewController */ = {
			isa = PBXNativeTarget;
			buildConfigurationList = F622884924BD47F900288CE0 /* Build configuration list for PBXNativeTarget "SwiftyPageViewController" */;
			buildPhases = (
				6F4F5AF938C6C368A5A351BD /* [CP] Check Pods Manifest.lock */,
				F622883124BD47F800288CE0 /* Sources */,
				F622883224BD47F800288CE0 /* Frameworks */,
				F622883324BD47F800288CE0 /* Resources */,
				92A9F2160A99DE5BAA052D9A /* [CP] Embed Pods Frameworks */,
			);
			buildRules = (
			);
			dependencies = (
			);
			name = SwiftyPageViewController;
			productName = SwiftyPageViewController;
			productReference = F622883524BD47F800288CE0 /* SwiftyPageViewController.app */;
			productType = "com.apple.product-type.application";
		};
/* End PBXNativeTarget section */

/* Begin PBXProject section */
		F622882D24BD47F800288CE0 /* Project object */ = {
			isa = PBXProject;
			attributes = {
				LastSwiftUpdateCheck = 1150;
				LastUpgradeCheck = 1150;
				ORGANIZATIONNAME = QiHe;
				TargetAttributes = {
					F622883424BD47F800288CE0 = {
						CreatedOnToolsVersion = 11.5;
					};
				};
			};
			buildConfigurationList = F622883024BD47F800288CE0 /* Build configuration list for PBXProject "SwiftyPageViewController" */;
			compatibilityVersion = "Xcode 9.3";
			developmentRegion = en;
			hasScannedForEncodings = 0;
			knownRegions = (
				en,
				Base,
			);
			mainGroup = F622882C24BD47F800288CE0;
			productRefGroup = F622883624BD47F800288CE0 /* Products */;
			projectDirPath = "";
			projectRoot = "";
			targets = (
				F622883424BD47F800288CE0 /* SwiftyPageViewController */,
			);
		};
/* End PBXProject section */

/* Begin PBXResourcesBuildPhase section */
		F622883324BD47F800288CE0 /* Resources */ = {
			isa = PBXResourcesBuildPhase;
			buildActionMask = 2147483647;
			files = (
				F622884524BD47F800288CE0 /* LaunchScreen.storyboard in Resources */,
				F622884224BD47F800288CE0 /* Assets.xcassets in Resources */,
				F622884024BD47F800288CE0 /* Main.storyboard in Resources */,
			);
			runOnlyForDeploymentPostprocessing = 0;
		};
/* End PBXResourcesBuildPhase section */

/* Begin PBXShellScriptBuildPhase section */
		6F4F5AF938C6C368A5A351BD /* [CP] Check Pods Manifest.lock */ = {
			isa = PBXShellScriptBuildPhase;
			buildActionMask = 2147483647;
			files = (
			);
			inputFileListPaths = (
			);
			inputPaths = (
				"${PODS_PODFILE_DIR_PATH}/Podfile.lock",
				"${PODS_ROOT}/Manifest.lock",
			);
			name = "[CP] Check Pods Manifest.lock";
			outputFileListPaths = (
			);
			outputPaths = (
				"$(DERIVED_FILE_DIR)/Pods-SwiftyPageViewController-checkManifestLockResult.txt",
			);
			runOnlyForDeploymentPostprocessing = 0;
			shellPath = /bin/sh;
			shellScript = "diff \"${PODS_PODFILE_DIR_PATH}/Podfile.lock\" \"${PODS_ROOT}/Manifest.lock\" > /dev/null\nif [ $? != 0 ] ; then\n    # print error to STDERR\n    echo \"error: The sandbox is not in sync with the Podfile.lock. Run 'pod install' or update your CocoaPods installation.\" >&2\n    exit 1\nfi\n# This output is used by Xcode 'outputs' to avoid re-running this script phase.\necho \"SUCCESS\" > \"${SCRIPT_OUTPUT_FILE_0}\"\n";
			showEnvVarsInLog = 0;
		};
		92A9F2160A99DE5BAA052D9A /* [CP] Embed Pods Frameworks */ = {
			isa = PBXShellScriptBuildPhase;
			buildActionMask = 2147483647;
			files = (
			);
			inputFileListPaths = (
				"${PODS_ROOT}/Target Support Files/Pods-SwiftyPageViewController/Pods-SwiftyPageViewController-frameworks-${CONFIGURATION}-input-files.xcfilelist",
			);
			name = "[CP] Embed Pods Frameworks";
			outputFileListPaths = (
				"${PODS_ROOT}/Target Support Files/Pods-SwiftyPageViewController/Pods-SwiftyPageViewController-frameworks-${CONFIGURATION}-output-files.xcfilelist",
			);
			runOnlyForDeploymentPostprocessing = 0;
			shellPath = /bin/sh;
			shellScript = "\"${PODS_ROOT}/Target Support Files/Pods-SwiftyPageViewController/Pods-SwiftyPageViewController-frameworks.sh\"\n";
			showEnvVarsInLog = 0;
		};
/* End PBXShellScriptBuildPhase section */

/* Begin PBXSourcesBuildPhase section */
		F622883124BD47F800288CE0 /* Sources */ = {
			isa = PBXSourcesBuildPhase;
			buildActionMask = 2147483647;
			files = (
				F6D7CA9A24BED4BB005F0F2D /* MPMenuView.swift in Sources */,
				F622885224BD4E8300288CE0 /* MPChildViewControllerProtocol.swift in Sources */,
				F6E66BBE24C0330900F5E8A9 /* MPPageViewController.swift in Sources */,
				F622886724BDAEEF00288CE0 /* MPIndicator.swift in Sources */,
				F60BAA7224C58C6300D56380 /* MPPageNavigationItemContainer.swift in Sources */,
				F622883D24BD47F800288CE0 /* ViewController.swift in Sources */,
				F622885C24BD500900288CE0 /* MPPageBaseViewController.swift in Sources */,
				F6D7CAAE24BEEF13005F0F2D /* BaseViewController.swift in Sources */,
				F622885024BD4DB500288CE0 /* MPPageViewControllerProtocol.swift in Sources */,
				F6D7CA9824BE989F005F0F2D /* MPMenuItemView.swift in Sources */,
				F622886324BDAD7A00288CE0 /* MPBottomLineViewStyle.swift in Sources */,
				F6D7CAAA24BEEBE0005F0F2D /* Page4ViewController.swift in Sources */,
				F6D7CAA424BEEBC9005F0F2D /* Page1ViewController.swift in Sources */,
				F622886024BDA52100288CE0 /* MPPageViewController+Additianal.swift in Sources */,
				F6D7CAA624BEEBD4005F0F2D /* Page2ViewController.swift in Sources */,
				F6D7CAAC24BEEBE7005F0F2D /* Page5ViewController.swift in Sources */,
				F622885624BD4F3900288CE0 /* MPPageContainView.swift in Sources */,
				F6D7CAA824BEEBDA005F0F2D /* Page3ViewController.swift in Sources */,
				F622885A24BD4F7E00288CE0 /* UIScrollView+Additional.swift in Sources */,
				F6D7CA9C24BEE607005F0F2D /* UIScrollView+MPMenuExtension.swift in Sources */,
				F622885E24BD502500288CE0 /* NSCache+Additional.swift in Sources */,
				F622885924BD4F7E00288CE0 /* UIViewController+Additional.swift in Sources */,
				F622883924BD47F800288CE0 /* AppDelegate.swift in Sources */,
				F622885424BD4EBD00288CE0 /* MPPageMainScrollView.swift in Sources */,
				F60BAA7024C52C7500D56380 /* MPPageBaseController+Additianal.swift in Sources */,
			);
			runOnlyForDeploymentPostprocessing = 0;
		};
/* End PBXSourcesBuildPhase section */

/* Begin PBXVariantGroup section */
		F622883E24BD47F800288CE0 /* Main.storyboard */ = {
			isa = PBXVariantGroup;
			children = (
				F622883F24BD47F800288CE0 /* Base */,
			);
			name = Main.storyboard;
			sourceTree = "<group>";
		};
		F622884324BD47F800288CE0 /* LaunchScreen.storyboard */ = {
			isa = PBXVariantGroup;
			children = (
				F622884424BD47F800288CE0 /* Base */,
			);
			name = LaunchScreen.storyboard;
			sourceTree = "<group>";
		};
/* End PBXVariantGroup section */

/* Begin XCBuildConfiguration section */
		F622884724BD47F900288CE0 /* Debug */ = {
			isa = XCBuildConfiguration;
			buildSettings = {
				ALWAYS_SEARCH_USER_PATHS = NO;
				CLANG_ANALYZER_NONNULL = YES;
				CLANG_ANALYZER_NUMBER_OBJECT_CONVERSION = YES_AGGRESSIVE;
				CLANG_CXX_LANGUAGE_STANDARD = "gnu++14";
				CLANG_CXX_LIBRARY = "libc++";
				CLANG_ENABLE_MODULES = YES;
				CLANG_ENABLE_OBJC_ARC = YES;
				CLANG_ENABLE_OBJC_WEAK = YES;
				CLANG_WARN_BLOCK_CAPTURE_AUTORELEASING = YES;
				CLANG_WARN_BOOL_CONVERSION = YES;
				CLANG_WARN_COMMA = YES;
				CLANG_WARN_CONSTANT_CONVERSION = YES;
				CLANG_WARN_DEPRECATED_OBJC_IMPLEMENTATIONS = YES;
				CLANG_WARN_DIRECT_OBJC_ISA_USAGE = YES_ERROR;
				CLANG_WARN_DOCUMENTATION_COMMENTS = YES;
				CLANG_WARN_EMPTY_BODY = YES;
				CLANG_WARN_ENUM_CONVERSION = YES;
				CLANG_WARN_INFINITE_RECURSION = YES;
				CLANG_WARN_INT_CONVERSION = YES;
				CLANG_WARN_NON_LITERAL_NULL_CONVERSION = YES;
				CLANG_WARN_OBJC_IMPLICIT_RETAIN_SELF = YES;
				CLANG_WARN_OBJC_LITERAL_CONVERSION = YES;
				CLANG_WARN_OBJC_ROOT_CLASS = YES_ERROR;
				CLANG_WARN_RANGE_LOOP_ANALYSIS = YES;
				CLANG_WARN_STRICT_PROTOTYPES = YES;
				CLANG_WARN_SUSPICIOUS_MOVE = YES;
				CLANG_WARN_UNGUARDED_AVAILABILITY = YES_AGGRESSIVE;
				CLANG_WARN_UNREACHABLE_CODE = YES;
				CLANG_WARN__DUPLICATE_METHOD_MATCH = YES;
				COPY_PHASE_STRIP = NO;
				DEBUG_INFORMATION_FORMAT = dwarf;
				ENABLE_STRICT_OBJC_MSGSEND = YES;
				ENABLE_TESTABILITY = YES;
				GCC_C_LANGUAGE_STANDARD = gnu11;
				GCC_DYNAMIC_NO_PIC = NO;
				GCC_NO_COMMON_BLOCKS = YES;
				GCC_OPTIMIZATION_LEVEL = 0;
				GCC_PREPROCESSOR_DEFINITIONS = (
					"DEBUG=1",
					"$(inherited)",
				);
				GCC_WARN_64_TO_32_BIT_CONVERSION = YES;
				GCC_WARN_ABOUT_RETURN_TYPE = YES_ERROR;
				GCC_WARN_UNDECLARED_SELECTOR = YES;
				GCC_WARN_UNINITIALIZED_AUTOS = YES_AGGRESSIVE;
				GCC_WARN_UNUSED_FUNCTION = YES;
				GCC_WARN_UNUSED_VARIABLE = YES;
				IPHONEOS_DEPLOYMENT_TARGET = 13.5;
				MTL_ENABLE_DEBUG_INFO = INCLUDE_SOURCE;
				MTL_FAST_MATH = YES;
				ONLY_ACTIVE_ARCH = YES;
				SDKROOT = iphoneos;
				SWIFT_ACTIVE_COMPILATION_CONDITIONS = DEBUG;
				SWIFT_OPTIMIZATION_LEVEL = "-Onone";
			};
			name = Debug;
		};
		F622884824BD47F900288CE0 /* Release */ = {
			isa = XCBuildConfiguration;
			buildSettings = {
				ALWAYS_SEARCH_USER_PATHS = NO;
				CLANG_ANALYZER_NONNULL = YES;
				CLANG_ANALYZER_NUMBER_OBJECT_CONVERSION = YES_AGGRESSIVE;
				CLANG_CXX_LANGUAGE_STANDARD = "gnu++14";
				CLANG_CXX_LIBRARY = "libc++";
				CLANG_ENABLE_MODULES = YES;
				CLANG_ENABLE_OBJC_ARC = YES;
				CLANG_ENABLE_OBJC_WEAK = YES;
				CLANG_WARN_BLOCK_CAPTURE_AUTORELEASING = YES;
				CLANG_WARN_BOOL_CONVERSION = YES;
				CLANG_WARN_COMMA = YES;
				CLANG_WARN_CONSTANT_CONVERSION = YES;
				CLANG_WARN_DEPRECATED_OBJC_IMPLEMENTATIONS = YES;
				CLANG_WARN_DIRECT_OBJC_ISA_USAGE = YES_ERROR;
				CLANG_WARN_DOCUMENTATION_COMMENTS = YES;
				CLANG_WARN_EMPTY_BODY = YES;
				CLANG_WARN_ENUM_CONVERSION = YES;
				CLANG_WARN_INFINITE_RECURSION = YES;
				CLANG_WARN_INT_CONVERSION = YES;
				CLANG_WARN_NON_LITERAL_NULL_CONVERSION = YES;
				CLANG_WARN_OBJC_IMPLICIT_RETAIN_SELF = YES;
				CLANG_WARN_OBJC_LITERAL_CONVERSION = YES;
				CLANG_WARN_OBJC_ROOT_CLASS = YES_ERROR;
				CLANG_WARN_RANGE_LOOP_ANALYSIS = YES;
				CLANG_WARN_STRICT_PROTOTYPES = YES;
				CLANG_WARN_SUSPICIOUS_MOVE = YES;
				CLANG_WARN_UNGUARDED_AVAILABILITY = YES_AGGRESSIVE;
				CLANG_WARN_UNREACHABLE_CODE = YES;
				CLANG_WARN__DUPLICATE_METHOD_MATCH = YES;
				COPY_PHASE_STRIP = NO;
				DEBUG_INFORMATION_FORMAT = "dwarf-with-dsym";
				ENABLE_NS_ASSERTIONS = NO;
				ENABLE_STRICT_OBJC_MSGSEND = YES;
				GCC_C_LANGUAGE_STANDARD = gnu11;
				GCC_NO_COMMON_BLOCKS = YES;
				GCC_WARN_64_TO_32_BIT_CONVERSION = YES;
				GCC_WARN_ABOUT_RETURN_TYPE = YES_ERROR;
				GCC_WARN_UNDECLARED_SELECTOR = YES;
				GCC_WARN_UNINITIALIZED_AUTOS = YES_AGGRESSIVE;
				GCC_WARN_UNUSED_FUNCTION = YES;
				GCC_WARN_UNUSED_VARIABLE = YES;
				IPHONEOS_DEPLOYMENT_TARGET = 13.5;
				MTL_ENABLE_DEBUG_INFO = NO;
				MTL_FAST_MATH = YES;
				SDKROOT = iphoneos;
				SWIFT_COMPILATION_MODE = wholemodule;
				SWIFT_OPTIMIZATION_LEVEL = "-O";
				VALIDATE_PRODUCT = YES;
			};
			name = Release;
		};
		F622884A24BD47F900288CE0 /* Debug */ = {
			isa = XCBuildConfiguration;
			baseConfigurationReference = 3FBFCFDD484EBDBB7AE8AA06 /* Pods-SwiftyPageViewController.debug.xcconfig */;
			buildSettings = {
				ASSETCATALOG_COMPILER_APPICON_NAME = AppIcon;
				CODE_SIGN_STYLE = Automatic;
				INFOPLIST_FILE = SwiftyPageViewController/Info.plist;
				IPHONEOS_DEPLOYMENT_TARGET = 9.0;
				LD_RUNPATH_SEARCH_PATHS = (
					"$(inherited)",
					"@executable_path/Frameworks",
				);
				PRODUCT_BUNDLE_IDENTIFIER = com.murphy.SwiftyPageViewController;
				PRODUCT_NAME = "$(TARGET_NAME)";
				SWIFT_VERSION = 5.0;
				TARGETED_DEVICE_FAMILY = "1,2";
			};
			name = Debug;
		};
		F622884B24BD47F900288CE0 /* Release */ = {
			isa = XCBuildConfiguration;
			baseConfigurationReference = 243F01D373BF769DF900B4E8 /* Pods-SwiftyPageViewController.release.xcconfig */;
			buildSettings = {
				ASSETCATALOG_COMPILER_APPICON_NAME = AppIcon;
				CODE_SIGN_STYLE = Automatic;
				INFOPLIST_FILE = SwiftyPageViewController/Info.plist;
				IPHONEOS_DEPLOYMENT_TARGET = 9.0;
				LD_RUNPATH_SEARCH_PATHS = (
					"$(inherited)",
					"@executable_path/Frameworks",
				);
				PRODUCT_BUNDLE_IDENTIFIER = com.murphy.SwiftyPageViewController;
				PRODUCT_NAME = "$(TARGET_NAME)";
				SWIFT_VERSION = 5.0;
				TARGETED_DEVICE_FAMILY = "1,2";
			};
			name = Release;
		};
/* End XCBuildConfiguration section */

/* Begin XCConfigurationList section */
		F622883024BD47F800288CE0 /* Build configuration list for PBXProject "SwiftyPageViewController" */ = {
			isa = XCConfigurationList;
			buildConfigurations = (
				F622884724BD47F900288CE0 /* Debug */,
				F622884824BD47F900288CE0 /* Release */,
			);
			defaultConfigurationIsVisible = 0;
			defaultConfigurationName = Release;
		};
		F622884924BD47F900288CE0 /* Build configuration list for PBXNativeTarget "SwiftyPageViewController" */ = {
			isa = XCConfigurationList;
			buildConfigurations = (
				F622884A24BD47F900288CE0 /* Debug */,
				F622884B24BD47F900288CE0 /* Release */,
			);
			defaultConfigurationIsVisible = 0;
			defaultConfigurationName = Release;
		};
/* End XCConfigurationList section */
	};
	rootObject = F622882D24BD47F800288CE0 /* Project object */;
}
